
Microsoft Visual Studio Solution File, Format Version 12.00
# Visual Studio Version 17
VisualStudioVersion = 17.11.35327.3
MinimumVisualStudioVersion = 10.0.40219.1
Project("{FAE04EC0-301F-11D3-BF4B-00C04F79EFBC}") = "Switch Case", "Switch Case\Switch Case.csproj", "{3EB74394-121F-4213-80E9-6863A44F7CBD}"
EndProject
Global
	GlobalSection(SolutionConfigurationPlatforms) = preSolution
		Debug|Any CPU = Debug|Any CPU
		Release|Any CPU = Release|Any CPU
	EndGlobalSection
	GlobalSection(ProjectConfigurationPlatforms) = postSolution
		{3EB74394-121F-4213-80E9-6863A44F7CBD}.Debug|Any CPU.ActiveCfg = Debug|Any CPU
		{3EB74394-121F-4213-80E9-6863A44F7CBD}.Debug|Any CPU.Build.0 = Debug|Any CPU
		{3EB74394-121F-4213-80E9-6863A44F7CBD}.Release|Any CPU.ActiveCfg = Release|Any CPU
		{3EB74394-121F-4213-80E9-6863A44F7CBD}.Release|Any CPU.Build.0 = Release|Any CPU
	EndGlobalSection
	GlobalSection(SolutionProperties) = preSolution
		HideSolutionNode = FALSE
	EndGlobalSection
	GlobalSection(ExtensibilityGlobals) = postSolution
		SolutionGuid = {23616842-CEFE-43BD-9B3A-CAB9DCAEBA6F}
	EndGlobalSection
EndGlobal
